
Microsoft Visual Studio Solution File, Format Version 11.00
# Visual C# Express 2010
Project("{FAE04EC0-301F-11D3-BF4B-00C04F79EFBC}") = "CSVTools", "csvTools\CSVTools.csproj", "{813EA34A-68AE-4E06-A9A0-563B282B38AB}"
EndProject
Global
	GlobalSection(SolutionConfigurationPlatforms) = preSolution
		Debug|Any CPU = Debug|Any CPU
		Debug|Mixed Platforms = Debug|Mixed Platforms
		Debug|x86 = Debug|x86
		Release|Any CPU = Release|Any CPU
		Release|Mixed Platforms = Release|Mixed Platforms
		Release|x86 = Release|x86
	EndGlobalSection
	GlobalSection(ProjectConfigurationPlatforms) = postSolution
		{813EA34A-68AE-4E06-A9A0-563B282B38AB}.Debug|Any CPU.ActiveCfg = Debug|Any CPU
		{813EA34A-68AE-4E06-A9A0-563B282B38AB}.Debug|Any CPU.Build.0 = Debug|Any CPU
		{813EA34A-68AE-4E06-A9A0-563B282B38AB}.Debug|Mixed Platforms.ActiveCfg = Debug|Any CPU
		{813EA34A-68AE-4E06-A9A0-563B282B38AB}.Debug|Mixed Platforms.Build.0 = Debug|Any CPU
		{813EA34A-68AE-4E06-A9A0-563B282B38AB}.Debug|x86.ActiveCfg = Debug|Any CPU
		{813EA34A-68AE-4E06-A9A0-563B282B38AB}.Release|Any CPU.ActiveCfg = Release|Any CPU
		{813EA34A-68AE-4E06-A9A0-563B282B38AB}.Release|Any CPU.Build.0 = Release|Any CPU
		{813EA34A-68AE-4E06-A9A0-563B282B38AB}.Release|Mixed Platforms.ActiveCfg = Release|Any CPU
		{813EA34A-68AE-4E06-A9A0-563B282B38AB}.Release|Mixed Platforms.Build.0 = Release|Any CPU
		{813EA34A-68AE-4E06-A9A0-563B282B38AB}.Release|x86.ActiveCfg = Release|Any CPU
	EndGlobalSection
	GlobalSection(SolutionProperties) = preSolution
		HideSolutionNode = FALSE
	EndGlobalSection
EndGlobal
